
Microsoft Visual Studio Solution File, Format Version 12.00
# Visual Studio Version 16
VisualStudioVersion = 16.0.32602.291
MinimumVisualStudioVersion = 10.0.40219.1
Project("{FAE04EC0-301F-11D3-BF4B-00C04F79EFBC}") = "Kayalar Pansiyon", "Kayalar Pansiyon\Kayalar Pansiyon.csproj", "{B027F0B1-4F21-4719-A0FC-CA62702EAFEF}"
EndProject
Global
	GlobalSection(SolutionConfigurationPlatforms) = preSolution
		Debug|Any CPU = Debug|Any CPU
		Release|Any CPU = Release|Any CPU
	EndGlobalSection
	GlobalSection(ProjectConfigurationPlatforms) = postSolution
		{B027F0B1-4F21-4719-A0FC-CA62702EAFEF}.Debug|Any CPU.ActiveCfg = Debug|Any CPU
		{B027F0B1-4F21-4719-A0FC-CA62702EAFEF}.Debug|Any CPU.Build.0 = Debug|Any CPU
		{B027F0B1-4F21-4719-A0FC-CA62702EAFEF}.Release|Any CPU.ActiveCfg = Release|Any CPU
		{B027F0B1-4F21-4719-A0FC-CA62702EAFEF}.Release|Any CPU.Build.0 = Release|Any CPU
	EndGlobalSection
	GlobalSection(SolutionProperties) = preSolution
		HideSolutionNode = FALSE
	EndGlobalSection
	GlobalSection(ExtensibilityGlobals) = postSolution
		SolutionGuid = {19F1A459-3B55-40C8-849C-38FA005CF21C}
	EndGlobalSection
EndGlobal
